
Microsoft Visual Studio Solution File, Format Version 12.00
# Visual Studio 15
VisualStudioVersion = 15.0.27703.2042
MinimumVisualStudioVersion = 10.0.40219.1
Project("{FAE04EC0-301F-11D3-BF4B-00C04F79EFBC}") = "Task7", "Task7\Task7.csproj", "{CB9F57B9-B3EF-4895-B8A9-D984E553E779}"
EndProject
Global
	GlobalSection(SolutionConfigurationPlatforms) = preSolution
		Debug|Any CPU = Debug|Any CPU
		Release|Any CPU = Release|Any CPU
	EndGlobalSection
	GlobalSection(ProjectConfigurationPlatforms) = postSolution
		{CB9F57B9-B3EF-4895-B8A9-D984E553E779}.Debug|Any CPU.ActiveCfg = Debug|Any CPU
		{CB9F57B9-B3EF-4895-B8A9-D984E553E779}.Debug|Any CPU.Build.0 = Debug|Any CPU
		{CB9F57B9-B3EF-4895-B8A9-D984E553E779}.Release|Any CPU.ActiveCfg = Release|Any CPU
		{CB9F57B9-B3EF-4895-B8A9-D984E553E779}.Release|Any CPU.Build.0 = Release|Any CPU
	EndGlobalSection
	GlobalSection(SolutionProperties) = preSolution
		HideSolutionNode = FALSE
	EndGlobalSection
	GlobalSection(ExtensibilityGlobals) = postSolution
		SolutionGuid = {BBF33C97-F0A2-4787-9A3B-AAC2D6A9D2AC}
	EndGlobalSection
EndGlobal
